PODS:
  - AFNetworking (3.1.0):
    - AFNetworking/NSURLSession (= 3.1.0)
    - AFNetworking/Reachability (= 3.1.0)
    - AFNetworking/Security (= 3.1.0)
    - AFNetworking/Serialization (= 3.1.0)
    - AFNetworking/UIKit (= 3.1.0)
  - AFNetworking/NSURLSession (3.1.0):
    - AFNetworking/Reachability
    - AFNetworking/Security
    - AFNetworking/Serialization
  - AFNetworking/Reachability (3.1.0)
  - AFNetworking/Security (3.1.0)
  - AFNetworking/Serialization (3.1.0)
  - AFNetworking/UIKit (3.1.0):
    - AFNetworking/NSURLSession
  - AWSAPIGateway (2.5.2):
    - AWSCore (= 2.5.2)
  - AWSCognito (2.5.2):
    - AWSCore (= 2.5.2)
  - AWSCore (2.5.2)
  - AWSS3 (2.5.2):
    - AWSCore (= 2.5.2)
  - CarFitiOSSDK (0.0.27):
    - AWSAPIGateway
    - AWSCognito
    - AWSCore
    - AWSS3
    - Realm
  - Lock (1.28.2):
    - Lock/Core (= 1.28.2)
    - Lock/UI (= 1.28.2)
    - Lock/WebView (= 1.28.2)
  - Lock/Core (1.28.2):
    - AFNetworking (~> 3.0)
  - Lock/CoreUI (1.28.2):
    - Lock/Core
    - Masonry (~> 0.6)
  - Lock/Email (1.28.2):
    - Lock/UI
  - Lock/SMS (1.28.2):
    - Lock/UI
  - Lock/TouchID (1.28.2):
    - Lock/UI
    - SimpleKeychain (~> 0.2)
    - TouchIDAuth (~> 0.1)
  - Lock/UI (1.28.2):
    - Lock/CoreUI
  - Lock/WebView (1.28.2):
    - Lock/CoreUI
  - Masonry (0.6.4)
  - Realm (2.4.4):
    - Realm/Headers (= 2.4.4)
  - Realm/Headers (2.4.4)
  - SimpleKeychain (0.7.0)
  - TouchIDAuth (0.2.0):
    - SimpleKeychain (~> 0.3)

DEPENDENCIES:
  - CarFitiOSSDK
  - Lock (~> 1.26)
  - Lock/Email
  - Lock/SMS
  - Lock/TouchID

SPEC CHECKSUMS:
  AFNetworking: 5e0e199f73d8626b11e79750991f5d173d1f8b67
  AWSAPIGateway: 23636c080e2f11a160117745cbfae0bd4b15374f
  AWSCognito: a29c52e3a3d4988f01b449c8b229a51b73d1c1bf
  AWSCore: b2fe455c2c7d6653521238c5b0b0ddb67ec4f063
  AWSS3: 1f53d780bae0a5949f11da99520c14684bc90af0
  CarFitiOSSDK: 974aee177c9a5284f052fbb8c1a8163253484c3d
  Lock: 742c21d94c8a1805a3fb8d7e8a5d5e873b14ec47
  Masonry: 281802d04d787ea2973179ee8bcb50500579ede2
  Realm: 5a280a1f5a9a3c267bebf4f41ee47911137703d7
  SimpleKeychain: b50cef3b87939d480ea1143425c00f5b4b70fe21
  TouchIDAuth: 0cf861f58a2cacfc1c12cb02de4850729d943c81

PODFILE CHECKSUM: f9adf3858431012217174aedc55cad65732391dd

COCOAPODS: 1.2.0
