PODS:
  - AFNetworking (3.1.0):
    - AFNetworking/NSURLSession (= 3.1.0)
    - AFNetworking/Reachability (= 3.1.0)
    - AFNetworking/Security (= 3.1.0)
    - AFNetworking/Serialization (= 3.1.0)
    - AFNetworking/UIKit (= 3.1.0)
  - AFNetworking/NSURLSession (3.1.0):
    - AFNetworking/Reachability
    - AFNetworking/Security
    - AFNetworking/Serialization
  - AFNetworking/Reachability (3.1.0)
  - AFNetworking/Security (3.1.0)
  - AFNetworking/Serialization (3.1.0)
  - AFNetworking/UIKit (3.1.0):
    - AFNetworking/NSURLSession
  - AWSAPIGateway (2.5.7):
    - AWSCore (= 2.5.7)
  - AWSCognito (2.5.7):
    - AWSCore (= 2.5.7)
  - AWSCore (2.5.7)
  - AWSS3 (2.5.7):
    - AWSCore (= 2.5.7)
  - BuddyBuildSDK (1.0.16)
  - CarFitiOSSDK (0.0.75):
    - AWSAPIGateway
    - AWSCognito
    - AWSCore
    - AWSS3
    - iOSDFULibrary
    - Realm
  - Crashlytics (3.8.4):
    - Fabric (~> 1.6.3)
  - Fabric (1.6.11)
  - iOSDFULibrary (3.1.0):
    - Zip (~> 0.7)
  - Lock (1.29.1):
    - Lock/Core (= 1.29.1)
    - Lock/UI (= 1.29.1)
    - Lock/WebView (= 1.29.1)
  - Lock/Core (1.29.1):
    - AFNetworking (~> 3.0)
  - Lock/CoreUI (1.29.1):
    - Lock/Core
    - Masonry (~> 0.6)
  - Lock/Email (1.29.1):
    - Lock/UI
  - Lock/SMS (1.29.1):
    - Lock/UI
  - Lock/TouchID (1.29.1):
    - Lock/UI
    - SimpleKeychain (~> 0.2)
    - TouchIDAuth (~> 0.1)
  - Lock/UI (1.29.1):
    - Lock/CoreUI
  - Lock/WebView (1.29.1):
    - Lock/CoreUI
  - Masonry (0.6.4)
  - Realm (2.7.0):
    - Realm/Headers (= 2.7.0)
  - Realm/Headers (2.7.0)
  - SimpleKeychain (0.7.0)
  - TouchIDAuth (0.2.0):
    - SimpleKeychain (~> 0.3)
  - Zip (0.7.0)

DEPENDENCIES:
  - BuddyBuildSDK
  - CarFitiOSSDK
  - Crashlytics
  - Fabric
  - Lock (~> 1.26)
  - Lock/Email
  - Lock/SMS
  - Lock/TouchID

SPEC CHECKSUMS:
  AFNetworking: 5e0e199f73d8626b11e79750991f5d173d1f8b67
  AWSAPIGateway: 7f348ed004998ccdafb6765e85d0b6e8284f72fe
  AWSCognito: 833e56f35762648f551ca77f60240a5d7c615e13
  AWSCore: 716d787cde0239b3e92f9b4151c052f55a117703
  AWSS3: a534d4f617fa1c3bd8f94a8b3bf12d7099536bd9
  BuddyBuildSDK: 2c5469eee2981a3365386e46393e97068d75e4f4
  CarFitiOSSDK: 0c4e7d448afb03a344a5ed2086e6ffd2b8ff46dc
  Crashlytics: 79e236942ca1e7fc641df1feb9a275360a78ab6a
  Fabric: 5911403591946b8228ab1c51d98f1d7137e863c6
  iOSDFULibrary: 3b8a3014e3e4d1bec99b634b2f79fa856e28e556
  Lock: 8dcce0f7b77961141f11431f30d8fcc07a2708d3
  Masonry: 281802d04d787ea2973179ee8bcb50500579ede2
  Realm: 07e5d3a9e0e41d65fd5f9f05150ed6295d0f093b
  SimpleKeychain: b50cef3b87939d480ea1143425c00f5b4b70fe21
  TouchIDAuth: 0cf861f58a2cacfc1c12cb02de4850729d943c81
  Zip: e34513299ac38c0686d5b24504da7ce343799ab9

PODFILE CHECKSUM: 19df3c8dba8aef356bc9da1a5cd105af28fe7a52

COCOAPODS: 1.2.0
